
Microsoft Visual Studio Solution File, Format Version 12.00
# Visual Studio 15
VisualStudioVersion = 15.0.28307.329
MinimumVisualStudioVersion = 10.0.40219.1
Project("{FAE04EC0-301F-11D3-BF4B-00C04F79EFBC}") = "Bot_liverpool_VT", "Bot_liverpool_VT\Bot_liverpool_VT.csproj", "{0BF35FF3-0F34-453A-99D0-1CB4557552A5}"
EndProject
Global
	GlobalSection(SolutionConfigurationPlatforms) = preSolution
		Debug|Any CPU = Debug|Any CPU
		Release|Any CPU = Release|Any CPU
	EndGlobalSection
	GlobalSection(ProjectConfigurationPlatforms) = postSolution
		{0BF35FF3-0F34-453A-99D0-1CB4557552A5}.Debug|Any CPU.ActiveCfg = Debug|Any CPU
		{0BF35FF3-0F34-453A-99D0-1CB4557552A5}.Debug|Any CPU.Build.0 = Debug|Any CPU
		{0BF35FF3-0F34-453A-99D0-1CB4557552A5}.Release|Any CPU.ActiveCfg = Release|Any CPU
		{0BF35FF3-0F34-453A-99D0-1CB4557552A5}.Release|Any CPU.Build.0 = Release|Any CPU
	EndGlobalSection
	GlobalSection(SolutionProperties) = preSolution
		HideSolutionNode = FALSE
	EndGlobalSection
	GlobalSection(ExtensibilityGlobals) = postSolution
		SolutionGuid = {117412A3-6966-4B6B-A57D-A22A4FEB51F2}
	EndGlobalSection
EndGlobal
